PODS:
  - camera_avfoundation (0.0.1):
    - Flutter
  - Flutter (1.0.0)
  - google_mlkit_barcode_scanning (0.4.0):
    - Flutter
    - google_mlkit_commons
    - GoogleMLKit/BarcodeScanning (~> 3.1.0)
  - google_mlkit_commons (0.2.0):
    - Flutter
    - MLKitVision
  - google_mlkit_digital_ink_recognition (0.5.0):
    - Flutter
    - google_mlkit_commons
    - GoogleMLKit/DigitalInkRecognition (~> 3.1.0)
  - google_mlkit_entity_extraction (0.5.0):
    - Flutter
    - google_mlkit_commons
    - GoogleMLKit/EntityExtraction (~> 3.1.0)
  - google_mlkit_face_detection (0.4.0):
    - Flutter
    - google_mlkit_commons
    - GoogleMLKit/FaceDetection (~> 3.1.0)
  - google_mlkit_image_labeling (0.4.0):
    - Flutter
    - google_mlkit_commons
    - GoogleMLKit/ImageLabeling (~> 3.1.0)
    - GoogleMLKit/ImageLabelingCustom (~> 3.1.0)
  - google_mlkit_language_id (0.4.0):
    - Flutter
    - google_mlkit_commons
    - GoogleMLKit/LanguageID (~> 3.1.0)
  - google_mlkit_object_detection (0.5.0):
    - Flutter
    - google_mlkit_commons
    - GoogleMLKit/ObjectDetection (~> 3.1.0)
    - GoogleMLKit/ObjectDetectionCustom (~> 3.1.0)
  - google_mlkit_pose_detection (0.4.0):
    - Flutter
    - google_mlkit_commons
    - GoogleMLKit/PoseDetection (~> 3.1.0)
    - GoogleMLKit/PoseDetectionAccurate (~> 3.1.0)
  - google_mlkit_selfie_segmentation (0.1.0):
    - Flutter
    - google_mlkit_commons
    - GoogleMLKit/SegmentationSelfie (~> 3.1.0)
  - google_mlkit_smart_reply (0.4.0):
    - Flutter
    - google_mlkit_commons
    - GoogleMLKit/SmartReply (~> 3.1.0)
  - google_mlkit_text_recognition (0.4.0):
    - Flutter
    - google_mlkit_commons
    - GoogleMLKit/TextRecognition (~> 3.1.0)
    - GoogleMLKit/TextRecognitionChinese (~> 3.1.0)
    - GoogleMLKit/TextRecognitionDevanagari (~> 3.1.0)
    - GoogleMLKit/TextRecognitionJapanese (~> 3.1.0)
    - GoogleMLKit/TextRecognitionKorean (~> 3.1.0)
  - google_mlkit_translation (0.4.0):
    - Flutter
    - google_mlkit_commons
    - GoogleMLKit/Translate (~> 3.1.0)
  - GoogleDataTransport (9.2.0):
    - GoogleUtilities/Environment (~> 7.7)
    - nanopb (< 2.30910.0, >= 2.30908.0)
    - PromisesObjC (< 3.0, >= 1.2)
  - GoogleMLKit/BarcodeScanning (3.1.0):
    - GoogleMLKit/MLKitCore
    - MLKitBarcodeScanning (~> 2.1.0)
  - GoogleMLKit/DigitalInkRecognition (3.1.0):
    - GoogleMLKit/MLKitCore
    - MLKitDigitalInkRecognition (~> 2.1.0)
  - GoogleMLKit/EntityExtraction (3.1.0):
    - GoogleMLKit/MLKitCore
    - MLKitEntityExtraction (~> 1.0.0-beta8)
  - GoogleMLKit/FaceDetection (3.1.0):
    - GoogleMLKit/MLKitCore
    - MLKitFaceDetection (~> 2.1.0)
  - GoogleMLKit/ImageLabeling (3.1.0):
    - GoogleMLKit/MLKitCore
    - MLKitImageLabeling (~> 2.1.0)
  - GoogleMLKit/ImageLabelingCustom (3.1.0):
    - GoogleMLKit/MLKitCore
    - MLKitImageLabelingCustom (~> 2.1.0)
  - GoogleMLKit/LanguageID (3.1.0):
    - GoogleMLKit/MLKitCore
    - MLKitLanguageID (~> 3.1.0)
  - GoogleMLKit/MLKitCore (3.1.0):
    - MLKitCommon (~> 7.0.0)
  - GoogleMLKit/ObjectDetection (3.1.0):
    - GoogleMLKit/MLKitCore
    - MLKitObjectDetection (~> 2.1.0)
  - GoogleMLKit/ObjectDetectionCustom (3.1.0):
    - GoogleMLKit/MLKitCore
    - MLKitObjectDetectionCustom (~> 2.1.0)
  - GoogleMLKit/PoseDetection (3.1.0):
    - GoogleMLKit/MLKitCore
    - MLKitPoseDetection (~> 1.0.0-beta9)
  - GoogleMLKit/PoseDetectionAccurate (3.1.0):
    - GoogleMLKit/MLKitCore
    - MLKitPoseDetectionAccurate (~> 1.0.0-beta9)
  - GoogleMLKit/SegmentationSelfie (3.1.0):
    - GoogleMLKit/MLKitCore
    - MLKitSegmentationSelfie (~> 1.0.0-beta7)
  - GoogleMLKit/SmartReply (3.1.0):
    - GoogleMLKit/MLKitCore
    - MLKitSmartReply (~> 2.1.0)
  - GoogleMLKit/TextRecognition (3.1.0):
    - GoogleMLKit/MLKitCore
    - MLKitTextRecognition (~> 1.4.0-beta5)
  - GoogleMLKit/TextRecognitionChinese (3.1.0):
    - GoogleMLKit/MLKitCore
    - MLKitTextRecognitionChinese (~> 1.0.0-beta5)
  - GoogleMLKit/TextRecognitionDevanagari (3.1.0):
    - GoogleMLKit/MLKitCore
    - MLKitTextRecognitionDevanagari (~> 1.0.0-beta5)
  - GoogleMLKit/TextRecognitionJapanese (3.1.0):
    - GoogleMLKit/MLKitCore
    - MLKitTextRecognitionJapanese (~> 1.0.0-beta5)
  - GoogleMLKit/TextRecognitionKorean (3.1.0):
    - GoogleMLKit/MLKitCore
    - MLKitTextRecognitionKorean (~> 1.0.0-beta5)
  - GoogleMLKit/Translate (3.1.0):
    - GoogleMLKit/MLKitCore
    - MLKitTranslate (~> 2.1.0)
  - GoogleToolboxForMac/DebugUtils (2.3.2):
    - GoogleToolboxForMac/Defines (= 2.3.2)
  - GoogleToolboxForMac/Defines (2.3.2)
  - GoogleToolboxForMac/Logger (2.3.2):
    - GoogleToolboxForMac/Defines (= 2.3.2)
  - "GoogleToolboxForMac/NSData+zlib (2.3.2)":
    - GoogleToolboxForMac/Defines (= 2.3.2)
  - "GoogleToolboxForMac/NSDictionary+URLArguments (2.3.2)":
    - GoogleToolboxForMac/DebugUtils (= 2.3.2)
    - GoogleToolboxForMac/Defines (= 2.3.2)
    - "GoogleToolboxForMac/NSString+URLArguments (= 2.3.2)"
  - "GoogleToolboxForMac/NSString+URLArguments (2.3.2)"
  - GoogleToolboxForMac/StringEncoding (2.3.2):
    - GoogleToolboxForMac/Defines (= 2.3.2)
  - GoogleUtilities/Environment (7.7.0):
    - PromisesObjC (< 3.0, >= 1.2)
  - GoogleUtilities/Logger (7.7.0):
    - GoogleUtilities/Environment
  - GoogleUtilities/UserDefaults (7.7.0):
    - GoogleUtilities/Logger
  - GoogleUtilitiesComponents (1.1.0):
    - GoogleUtilities/Logger
  - GTMSessionFetcher/Core (1.7.2)
  - image_picker_ios (0.0.1):
    - Flutter
  - MLImage (1.0.0-beta3)
  - MLKitBarcodeScanning (2.1.0):
    - MLKitCommon (~> 7.0)
    - MLKitVision (~> 4.1)
  - MLKitCommon (7.0.0):
    - GoogleDataTransport (~> 9.0)
    - GoogleToolboxForMac/Logger (~> 2.1)
    - "GoogleToolboxForMac/NSData+zlib (~> 2.1)"
    - "GoogleToolboxForMac/NSDictionary+URLArguments (~> 2.1)"
    - GoogleUtilities/UserDefaults (~> 7.0)
    - GoogleUtilitiesComponents (~> 1.0)
    - GTMSessionFetcher/Core (~> 1.1)
    - Protobuf (~> 3.12)
  - MLKitDigitalInkRecognition (2.1.0):
    - MLKitCommon (~> 7.0)
    - MLKitMDD (~> 4.1)
    - SSZipArchive (~> 2.1)
  - MLKitEntityExtraction (1.0.0-beta8):
    - MLKitNaturalLanguage (~> 4.1)
  - MLKitFaceDetection (2.1.0):
    - MLKitCommon (~> 7.0)
    - MLKitVision (~> 4.1)
  - MLKitImageLabeling (2.1.0):
    - MLKitCommon (~> 7.0)
    - MLKitImageLabelingCommon (~> 4.1)
    - MLKitVision (~> 4.1)
    - MLKitVisionKit (~> 5.1)
  - MLKitImageLabelingCommon (4.1.0):
    - MLKitCommon (~> 7.0)
    - MLKitVision (~> 4.1)
  - MLKitImageLabelingCustom (2.1.0):
    - MLKitCommon (~> 7.0)
    - MLKitImageLabelingCommon (~> 4.1)
    - MLKitVision (~> 4.1)
    - MLKitVisionKit (~> 5.1)
  - MLKitLanguageID (3.1.0):
    - MLKitNaturalLanguage (~> 4.1)
  - MLKitMDD (4.1.0):
    - MLKitCommon (~> 7.0)
  - MLKitNaturalLanguage (4.1.0):
    - GoogleToolboxForMac/Logger (~> 2.1)
    - "GoogleToolboxForMac/NSData+zlib (~> 2.1)"
    - "GoogleToolboxForMac/NSDictionary+URLArguments (~> 2.1)"
    - GoogleToolboxForMac/StringEncoding (~> 2.1)
    - GTMSessionFetcher/Core (~> 1.1)
    - MLKitCommon (~> 7.0)
    - Protobuf (~> 3.12)
  - MLKitObjectDetection (2.1.0):
    - MLKitCommon (~> 7.0)
    - MLKitObjectDetectionCommon (~> 4.1)
    - MLKitVision (~> 4.1)
    - MLKitVisionKit (~> 5.1)
  - MLKitObjectDetectionCommon (4.1.0):
    - MLKitCommon (~> 7.0)
    - MLKitVision (~> 4.1)
  - MLKitObjectDetectionCustom (2.1.0):
    - MLKitCommon (~> 7.0)
    - MLKitObjectDetectionCommon (~> 4.1)
    - MLKitVision (~> 4.1)
    - MLKitVisionKit (~> 5.1)
  - MLKitPoseDetection (1.0.0-beta9):
    - MLKitCommon (~> 7.0)
    - MLKitPoseDetectionCommon (= 1.0.0-beta9)
    - MLKitXenoCommon (= 1.0.0-beta9)
  - MLKitPoseDetectionAccurate (1.0.0-beta9):
    - MLKitCommon (~> 7.0)
    - MLKitPoseDetectionCommon (= 1.0.0-beta9)
    - MLKitXenoCommon (= 1.0.0-beta9)
  - MLKitPoseDetectionCommon (1.0.0-beta9):
    - MLKitCommon (~> 7.0)
    - MLKitXenoCommon (= 1.0.0-beta9)
  - MLKitSegmentationCommon (1.0.0-beta7):
    - MLKitCommon (~> 7.0)
    - MLKitXenoCommon (= 1.0.0-beta9)
  - MLKitSegmentationSelfie (1.0.0-beta7):
    - MLKitSegmentationCommon (= 1.0.0-beta7)
  - MLKitSmartReply (2.1.0):
    - MLKitLanguageID (~> 3.1)
    - MLKitNaturalLanguage (~> 4.1)
  - MLKitTextRecognition (1.4.0-beta5):
    - MLKitCommon (~> 7.0)
    - MLKitTextRecognitionCommon (= 1.0.0-beta5)
    - MLKitVision (~> 4.1)
  - MLKitTextRecognitionChinese (1.0.0-beta5):
    - MLKitCommon (~> 7.0)
    - MLKitTextRecognitionCommon (= 1.0.0-beta5)
    - MLKitVision (~> 4.1)
  - MLKitTextRecognitionCommon (1.0.0-beta5):
    - MLKitCommon (~> 7.0)
    - MLKitVision (~> 4.1)
  - MLKitTextRecognitionDevanagari (1.0.0-beta5):
    - MLKitCommon (~> 7.0)
    - MLKitTextRecognitionCommon (= 1.0.0-beta5)
    - MLKitVision (~> 4.1)
  - MLKitTextRecognitionJapanese (1.0.0-beta5):
    - MLKitCommon (~> 7.0)
    - MLKitTextRecognitionCommon (= 1.0.0-beta5)
    - MLKitVision (~> 4.1)
  - MLKitTextRecognitionKorean (1.0.0-beta5):
    - MLKitCommon (~> 7.0)
    - MLKitTextRecognitionCommon (= 1.0.0-beta5)
    - MLKitVision (~> 4.1)
  - MLKitTranslate (2.1.0):
    - MLKitNaturalLanguage (~> 4.1)
    - SSZipArchive (~> 2.1)
  - MLKitVision (4.1.0):
    - GoogleToolboxForMac/Logger (~> 2.1)
    - "GoogleToolboxForMac/NSData+zlib (~> 2.1)"
    - GTMSessionFetcher/Core (~> 1.1)
    - MLImage (= 1.0.0-beta3)
    - MLKitCommon (~> 7.0)
    - Protobuf (~> 3.12)
  - MLKitVisionKit (5.1.0):
    - MLKitCommon (~> 7.0)
    - MLKitImageLabelingCommon (~> 4.1)
    - MLKitObjectDetectionCommon (~> 4.1)
    - MLKitVision (~> 4.1)
  - MLKitXenoCommon (1.0.0-beta9):
    - MLKitCommon (~> 7.0)
    - MLKitVision (~> 4.1)
  - nanopb (2.30909.0):
    - nanopb/decode (= 2.30909.0)
    - nanopb/encode (= 2.30909.0)
  - nanopb/decode (2.30909.0)
  - nanopb/encode (2.30909.0)
  - path_provider_ios (0.0.1):
    - Flutter
  - PromisesObjC (2.1.1)
  - Protobuf (3.21.4)
  - SSZipArchive (2.4.3)

DEPENDENCIES:
  - camera_avfoundation (from `.symlinks/plugins/camera_avfoundation/ios`)
  - Flutter (from `Flutter`)
  - google_mlkit_barcode_scanning (from `.symlinks/plugins/google_mlkit_barcode_scanning/ios`)
  - google_mlkit_commons (from `.symlinks/plugins/google_mlkit_commons/ios`)
  - google_mlkit_digital_ink_recognition (from `.symlinks/plugins/google_mlkit_digital_ink_recognition/ios`)
  - google_mlkit_entity_extraction (from `.symlinks/plugins/google_mlkit_entity_extraction/ios`)
  - google_mlkit_face_detection (from `.symlinks/plugins/google_mlkit_face_detection/ios`)
  - google_mlkit_image_labeling (from `.symlinks/plugins/google_mlkit_image_labeling/ios`)
  - google_mlkit_language_id (from `.symlinks/plugins/google_mlkit_language_id/ios`)
  - google_mlkit_object_detection (from `.symlinks/plugins/google_mlkit_object_detection/ios`)
  - google_mlkit_pose_detection (from `.symlinks/plugins/google_mlkit_pose_detection/ios`)
  - google_mlkit_selfie_segmentation (from `.symlinks/plugins/google_mlkit_selfie_segmentation/ios`)
  - google_mlkit_smart_reply (from `.symlinks/plugins/google_mlkit_smart_reply/ios`)
  - google_mlkit_text_recognition (from `.symlinks/plugins/google_mlkit_text_recognition/ios`)
  - google_mlkit_translation (from `.symlinks/plugins/google_mlkit_translation/ios`)
  - image_picker_ios (from `.symlinks/plugins/image_picker_ios/ios`)
  - path_provider_ios (from `.symlinks/plugins/path_provider_ios/ios`)

SPEC REPOS:
  trunk:
    - GoogleDataTransport
    - GoogleMLKit
    - GoogleToolboxForMac
    - GoogleUtilities
    - GoogleUtilitiesComponents
    - GTMSessionFetcher
    - MLImage
    - MLKitBarcodeScanning
    - MLKitCommon
    - MLKitDigitalInkRecognition
    - MLKitEntityExtraction
    - MLKitFaceDetection
    - MLKitImageLabeling
    - MLKitImageLabelingCommon
    - MLKitImageLabelingCustom
    - MLKitLanguageID
    - MLKitMDD
    - MLKitNaturalLanguage
    - MLKitObjectDetection
    - MLKitObjectDetectionCommon
    - MLKitObjectDetectionCustom
    - MLKitPoseDetection
    - MLKitPoseDetectionAccurate
    - MLKitPoseDetectionCommon
    - MLKitSegmentationCommon
    - MLKitSegmentationSelfie
    - MLKitSmartReply
    - MLKitTextRecognition
    - MLKitTextRecognitionChinese
    - MLKitTextRecognitionCommon
    - MLKitTextRecognitionDevanagari
    - MLKitTextRecognitionJapanese
    - MLKitTextRecognitionKorean
    - MLKitTranslate
    - MLKitVision
    - MLKitVisionKit
    - MLKitXenoCommon
    - nanopb
    - PromisesObjC
    - Protobuf
    - SSZipArchive

EXTERNAL SOURCES:
  camera_avfoundation:
    :path: ".symlinks/plugins/camera_avfoundation/ios"
  Flutter:
    :path: Flutter
  google_mlkit_barcode_scanning:
    :path: ".symlinks/plugins/google_mlkit_barcode_scanning/ios"
  google_mlkit_commons:
    :path: ".symlinks/plugins/google_mlkit_commons/ios"
  google_mlkit_digital_ink_recognition:
    :path: ".symlinks/plugins/google_mlkit_digital_ink_recognition/ios"
  google_mlkit_entity_extraction:
    :path: ".symlinks/plugins/google_mlkit_entity_extraction/ios"
  google_mlkit_face_detection:
    :path: ".symlinks/plugins/google_mlkit_face_detection/ios"
  google_mlkit_image_labeling:
    :path: ".symlinks/plugins/google_mlkit_image_labeling/ios"
  google_mlkit_language_id:
    :path: ".symlinks/plugins/google_mlkit_language_id/ios"
  google_mlkit_object_detection:
    :path: ".symlinks/plugins/google_mlkit_object_detection/ios"
  google_mlkit_pose_detection:
    :path: ".symlinks/plugins/google_mlkit_pose_detection/ios"
  google_mlkit_selfie_segmentation:
    :path: ".symlinks/plugins/google_mlkit_selfie_segmentation/ios"
  google_mlkit_smart_reply:
    :path: ".symlinks/plugins/google_mlkit_smart_reply/ios"
  google_mlkit_text_recognition:
    :path: ".symlinks/plugins/google_mlkit_text_recognition/ios"
  google_mlkit_translation:
    :path: ".symlinks/plugins/google_mlkit_translation/ios"
  image_picker_ios:
    :path: ".symlinks/plugins/image_picker_ios/ios"
  path_provider_ios:
    :path: ".symlinks/plugins/path_provider_ios/ios"

SPEC CHECKSUMS:
  camera_avfoundation: 07c77549ea54ad95d8581be86617c094a46280d9
  Flutter: 50d75fe2f02b26cc09d224853bb45737f8b3214a
  google_mlkit_barcode_scanning: 4805cc8281f41915a13f8bbb7223291e982b6836
  google_mlkit_commons: e9070f57232c3a3e4bd42fdfa621bb1f4bb3e709
  google_mlkit_digital_ink_recognition: ffe25a8553e1b7ee82e4a5ba9db36c73b596fa18
  google_mlkit_entity_extraction: 19d5b9c2f5049b2145747bbc8c7601b5b7e71e56
  google_mlkit_face_detection: 039c71156bf4a16f673237338a468a9436486bc2
  google_mlkit_image_labeling: 321983f0f243fa936bb34ec298df598290ce4a0d
  google_mlkit_language_id: c6e1864896e62483fd7ab36087c4d940b5d9d95a
  google_mlkit_object_detection: 651d617dd0bf45b5acd47c05816c97de77dc83d9
  google_mlkit_pose_detection: 85f892b3863bfabfd6ffda66729b5dafb2c00162
  google_mlkit_selfie_segmentation: 4bf41ef5de4e236e357817649d61160236a19d93
  google_mlkit_smart_reply: 2cd9002446aed369f74cd6e11d4157e0a496c5d6
  google_mlkit_text_recognition: 900d35cbb2d314c02ae0b23cba39bb284ca79327
  google_mlkit_translation: edbb6ad245223987f356138b6c314a4bed6a1650
  GoogleDataTransport: 1c8145da7117bd68bbbed00cf304edb6a24de00f
  GoogleMLKit: 9d072522949ff0ef4dae5359feaf3db2ef2fa658
  GoogleToolboxForMac: 8bef7c7c5cf7291c687cf5354f39f9db6399ad34
  GoogleUtilities: e0913149f6b0625b553d70dae12b49fc62914fd1
  GoogleUtilitiesComponents: 679b2c881db3b615a2777504623df6122dd20afe
  GTMSessionFetcher: 5595ec75acf5be50814f81e9189490412bad82ba
  image_picker_ios: b786a5dcf033a8336a657191401bfdf12017dabb
  MLImage: 489dfec109f21da8621b28d476401aaf7a0d4ff4
  MLKitBarcodeScanning: 74f43c38f3f85b3f3f332006b20a1a22f404256c
  MLKitCommon: 20f4aca0ec2bb37cef2b9c211b50586817bac5d3
  MLKitDigitalInkRecognition: fe5f27647ed1beeaf2133b8fddfc5e44264ac7eb
  MLKitEntityExtraction: 7b9af03dbd98af0b97e27b249bf373cee68dce6d
  MLKitFaceDetection: 2698721de95805902cac5e018a01fe95dc76d615
  MLKitImageLabeling: 776cfc464c4d8597f4f4b5d56a9020921a3ad069
  MLKitImageLabelingCommon: c375a2e9b87b614fe1614f003171455751f39371
  MLKitImageLabelingCustom: 59e105e37963b56fd615ea9d886df294ffef9cfd
  MLKitLanguageID: 307e8e8bb45443d6ea2db51fcd6e4ca9371fdfac
  MLKitMDD: d55921890f601118c81fd67b77ce7ed837bb7654
  MLKitNaturalLanguage: d10a5cebc36bfe2660af77fe726b4ba4b290c8a4
  MLKitObjectDetection: f7dba0862771fa0811c3686e8ebc847235432e2a
  MLKitObjectDetectionCommon: 6cfa8926341cd835490b496116e2a1b797abf86e
  MLKitObjectDetectionCustom: afa366749c28a0a8b0522ebefaa164e76ee9733f
  MLKitPoseDetection: b277372e68c4d69122cc98925299ba0a19b2b157
  MLKitPoseDetectionAccurate: 8e84f8fee3e77a47830adf8252fcf9b5c39c1825
  MLKitPoseDetectionCommon: 46537ed5597b359f496470a7e5cc3bf5db4f55db
  MLKitSegmentationCommon: 64110915b7be00a441d39ab02b13d4cf1781e8b8
  MLKitSegmentationSelfie: 9c35903d1aef23c507c39d7acbad29cc704c8860
  MLKitSmartReply: 260bee13799f5c8e6c374a5c8fc92545491ad8a9
  MLKitTextRecognition: 46c6574e7db6452f5a426312c04a794c82d6fcf0
  MLKitTextRecognitionChinese: 3db181074a4ca958c8703ebdf3df185cb2159ec1
  MLKitTextRecognitionCommon: 9f66172593cedc9654d56bf9b3d1044c054e2c41
  MLKitTextRecognitionDevanagari: 80d1f5d3699da516648f5693b2e569b8110dea1b
  MLKitTextRecognitionJapanese: b4e56e02f778e0cfe163cd41fb2d1f5e991492d9
  MLKitTextRecognitionKorean: 630e09b21ea4c6b39e5202dec4357ccc3062b754
  MLKitTranslate: 44fb6692eeffd71ccba80c337c59570d7cf25ea7
  MLKitVision: 639a171d937241f3fcf92bc1b3ef8f179f49916c
  MLKitVisionKit: fb450e1ec0b7194aa898bf26b47df897dad93773
  MLKitXenoCommon: 319d30f77375ba4ff66279917b9657578f530bd6
  nanopb: b552cce312b6c8484180ef47159bc0f65a1f0431
  path_provider_ios: 14f3d2fd28c4fdb42f44e0f751d12861c43cee02
  PromisesObjC: ab77feca74fa2823e7af4249b8326368e61014cb
  Protobuf: 85a48c73d708782e2869564c0438e211aae98e7a
  SSZipArchive: fe6a26b2a54d5a0890f2567b5cc6de5caa600aef

PODFILE CHECKSUM: 374879795a6a8247d49ab75437faea33232e5642

COCOAPODS: 1.11.3
