PODS:
  - camera_avfoundation (0.0.1):
    - Flutter
  - Flutter (1.0.0)
  - google_mlkit_barcode_scanning (0.4.0):
    - Flutter
    - google_mlkit_commons
    - GoogleMLKit/BarcodeScanning (~> 3.2.0)
  - google_mlkit_commons (0.2.0):
    - Flutter
    - MLKitVision
  - google_mlkit_digital_ink_recognition (0.5.0):
    - Flutter
    - google_mlkit_commons
    - GoogleMLKit/DigitalInkRecognition (~> 3.2.0)
  - google_mlkit_entity_extraction (0.5.0):
    - Flutter
    - google_mlkit_commons
    - GoogleMLKit/EntityExtraction (~> 3.2.0)
  - google_mlkit_face_detection (0.4.0):
    - Flutter
    - google_mlkit_commons
    - GoogleMLKit/FaceDetection (~> 3.2.0)
  - google_mlkit_image_labeling (0.4.0):
    - Flutter
    - google_mlkit_commons
    - GoogleMLKit/ImageLabeling (~> 3.2.0)
    - GoogleMLKit/ImageLabelingCustom (~> 3.2.0)
  - google_mlkit_language_id (0.4.0):
    - Flutter
    - google_mlkit_commons
    - GoogleMLKit/LanguageID (~> 3.2.0)
  - google_mlkit_object_detection (0.5.0):
    - Flutter
    - google_mlkit_commons
    - GoogleMLKit/ObjectDetection (~> 3.2.0)
    - GoogleMLKit/ObjectDetectionCustom (~> 3.2.0)
  - google_mlkit_pose_detection (0.4.0):
    - Flutter
    - google_mlkit_commons
    - GoogleMLKit/PoseDetection (~> 3.2.0)
    - GoogleMLKit/PoseDetectionAccurate (~> 3.2.0)
  - google_mlkit_selfie_segmentation (0.1.0):
    - Flutter
    - google_mlkit_commons
    - GoogleMLKit/SegmentationSelfie (~> 3.2.0)
  - google_mlkit_smart_reply (0.4.0):
    - Flutter
    - google_mlkit_commons
    - GoogleMLKit/SmartReply (~> 3.2.0)
  - google_mlkit_text_recognition (0.4.0):
    - Flutter
    - google_mlkit_commons
    - GoogleMLKit/TextRecognition (~> 3.2.0)
  - google_mlkit_translation (0.4.0):
    - Flutter
    - google_mlkit_commons
    - GoogleMLKit/Translate (~> 3.2.0)
  - GoogleDataTransport (9.2.0):
    - GoogleUtilities/Environment (~> 7.7)
    - nanopb (< 2.30910.0, >= 2.30908.0)
    - PromisesObjC (< 3.0, >= 1.2)
  - GoogleMLKit/BarcodeScanning (3.2.0):
    - GoogleMLKit/MLKitCore
    - MLKitBarcodeScanning (~> 2.2.0)
  - GoogleMLKit/DigitalInkRecognition (3.2.0):
    - GoogleMLKit/MLKitCore
    - MLKitDigitalInkRecognition (~> 2.2.0)
  - GoogleMLKit/EntityExtraction (3.2.0):
    - GoogleMLKit/MLKitCore
    - MLKitEntityExtraction (~> 1.0.0-beta9)
  - GoogleMLKit/FaceDetection (3.2.0):
    - GoogleMLKit/MLKitCore
    - MLKitFaceDetection (~> 2.2.0)
  - GoogleMLKit/ImageLabeling (3.2.0):
    - GoogleMLKit/MLKitCore
    - MLKitImageLabeling (~> 2.2.0)
  - GoogleMLKit/ImageLabelingCustom (3.2.0):
    - GoogleMLKit/MLKitCore
    - MLKitImageLabelingCustom (~> 2.2.0)
  - GoogleMLKit/LanguageID (3.2.0):
    - GoogleMLKit/MLKitCore
    - MLKitLanguageID (~> 3.2.0)
  - GoogleMLKit/MLKitCore (3.2.0):
    - MLKitCommon (~> 8.0.0)
  - GoogleMLKit/ObjectDetection (3.2.0):
    - GoogleMLKit/MLKitCore
    - MLKitObjectDetection (~> 2.2.0)
  - GoogleMLKit/ObjectDetectionCustom (3.2.0):
    - GoogleMLKit/MLKitCore
    - MLKitObjectDetectionCustom (~> 2.2.0)
  - GoogleMLKit/PoseDetection (3.2.0):
    - GoogleMLKit/MLKitCore
    - MLKitPoseDetection (~> 1.0.0-beta10)
  - GoogleMLKit/PoseDetectionAccurate (3.2.0):
    - GoogleMLKit/MLKitCore
    - MLKitPoseDetectionAccurate (~> 1.0.0-beta10)
  - GoogleMLKit/SegmentationSelfie (3.2.0):
    - GoogleMLKit/MLKitCore
    - MLKitSegmentationSelfie (~> 1.0.0-beta8)
  - GoogleMLKit/SmartReply (3.2.0):
    - GoogleMLKit/MLKitCore
    - MLKitSmartReply (~> 2.2.0)
  - GoogleMLKit/TextRecognition (3.2.0):
    - GoogleMLKit/MLKitCore
    - MLKitTextRecognition (~> 1.4.0-beta6)
  - GoogleMLKit/TextRecognitionChinese (3.2.0):
    - GoogleMLKit/MLKitCore
    - MLKitTextRecognitionChinese (~> 1.0.0-beta6)
  - GoogleMLKit/Translate (3.2.0):
    - GoogleMLKit/MLKitCore
    - MLKitTranslate (~> 2.2.0)
  - GoogleToolboxForMac/DebugUtils (2.3.2):
    - GoogleToolboxForMac/Defines (= 2.3.2)
  - GoogleToolboxForMac/Defines (2.3.2)
  - GoogleToolboxForMac/Logger (2.3.2):
    - GoogleToolboxForMac/Defines (= 2.3.2)
  - "GoogleToolboxForMac/NSData+zlib (2.3.2)":
    - GoogleToolboxForMac/Defines (= 2.3.2)
  - "GoogleToolboxForMac/NSDictionary+URLArguments (2.3.2)":
    - GoogleToolboxForMac/DebugUtils (= 2.3.2)
    - GoogleToolboxForMac/Defines (= 2.3.2)
    - "GoogleToolboxForMac/NSString+URLArguments (= 2.3.2)"
  - "GoogleToolboxForMac/NSString+URLArguments (2.3.2)"
  - GoogleToolboxForMac/StringEncoding (2.3.2):
    - GoogleToolboxForMac/Defines (= 2.3.2)
  - GoogleUtilities/Environment (7.8.0):
    - PromisesObjC (< 3.0, >= 1.2)
  - GoogleUtilities/Logger (7.8.0):
    - GoogleUtilities/Environment
  - GoogleUtilities/UserDefaults (7.8.0):
    - GoogleUtilities/Logger
  - GoogleUtilitiesComponents (1.1.0):
    - GoogleUtilities/Logger
  - GTMSessionFetcher/Core (1.7.2)
  - image_picker_ios (0.0.1):
    - Flutter
  - MLImage (1.0.0-beta3)
  - MLKitBarcodeScanning (2.2.0):
    - MLKitCommon (~> 8.0)
    - MLKitVision (~> 4.2)
  - MLKitCommon (8.0.0):
    - GoogleDataTransport (~> 9.0)
    - GoogleToolboxForMac/Logger (~> 2.1)
    - "GoogleToolboxForMac/NSData+zlib (~> 2.1)"
    - "GoogleToolboxForMac/NSDictionary+URLArguments (~> 2.1)"
    - GoogleUtilities/UserDefaults (~> 7.0)
    - GoogleUtilitiesComponents (~> 1.0)
    - GTMSessionFetcher/Core (~> 1.1)
    - Protobuf (~> 3.12)
  - MLKitDigitalInkRecognition (2.2.0):
    - MLKitCommon (~> 8.0)
    - MLKitMDD (~> 4.2)
    - SSZipArchive (~> 2.1)
  - MLKitEntityExtraction (1.0.0-beta9):
    - MLKitNaturalLanguage (~> 4.2)
  - MLKitFaceDetection (2.2.0):
    - MLKitCommon (~> 8.0)
    - MLKitVision (~> 4.2)
  - MLKitImageLabeling (2.2.0):
    - MLKitCommon (~> 8.0)
    - MLKitImageLabelingCommon (~> 4.2)
    - MLKitVision (~> 4.2)
    - MLKitVisionKit (~> 5.2)
  - MLKitImageLabelingCommon (4.2.0):
    - MLKitCommon (~> 8.0)
    - MLKitVision (~> 4.2)
  - MLKitImageLabelingCustom (2.2.0):
    - MLKitCommon (~> 8.0)
    - MLKitImageLabelingCommon (~> 4.2)
    - MLKitVision (~> 4.2)
    - MLKitVisionKit (~> 5.2)
  - MLKitLanguageID (3.2.0):
    - MLKitNaturalLanguage (~> 4.2)
  - MLKitMDD (4.2.0):
    - MLKitCommon (~> 8.0)
  - MLKitNaturalLanguage (4.2.0):
    - GoogleToolboxForMac/Logger (~> 2.1)
    - "GoogleToolboxForMac/NSData+zlib (~> 2.1)"
    - "GoogleToolboxForMac/NSDictionary+URLArguments (~> 2.1)"
    - GoogleToolboxForMac/StringEncoding (~> 2.1)
    - GTMSessionFetcher/Core (~> 1.1)
    - MLKitCommon (~> 8.0)
    - Protobuf (~> 3.12)
  - MLKitObjectDetection (2.2.0):
    - MLKitCommon (~> 8.0)
    - MLKitObjectDetectionCommon (~> 4.2)
    - MLKitVision (~> 4.2)
    - MLKitVisionKit (~> 5.2)
  - MLKitObjectDetectionCommon (4.2.0):
    - MLKitCommon (~> 8.0)
    - MLKitVision (~> 4.2)
  - MLKitObjectDetectionCustom (2.2.0):
    - MLKitCommon (~> 8.0)
    - MLKitObjectDetectionCommon (~> 4.2)
    - MLKitVision (~> 4.2)
    - MLKitVisionKit (~> 5.2)
  - MLKitPoseDetection (1.0.0-beta10):
    - MLKitCommon (~> 8.0)
    - MLKitPoseDetectionCommon (= 1.0.0-beta10)
    - MLKitXenoCommon (= 1.0.0-beta10)
  - MLKitPoseDetectionAccurate (1.0.0-beta10):
    - MLKitCommon (~> 8.0)
    - MLKitPoseDetectionCommon (= 1.0.0-beta10)
    - MLKitXenoCommon (= 1.0.0-beta10)
  - MLKitPoseDetectionCommon (1.0.0-beta10):
    - MLKitCommon (~> 8.0)
    - MLKitXenoCommon (= 1.0.0-beta10)
  - MLKitSegmentationCommon (1.0.0-beta8):
    - MLKitCommon (~> 8.0)
    - MLKitXenoCommon (= 1.0.0-beta10)
  - MLKitSegmentationSelfie (1.0.0-beta8):
    - MLKitSegmentationCommon (= 1.0.0-beta8)
  - MLKitSmartReply (2.2.0):
    - MLKitLanguageID (~> 3.2)
    - MLKitNaturalLanguage (~> 4.2)
  - MLKitTextRecognition (1.4.0-beta6):
    - MLKitCommon (~> 8.0)
    - MLKitTextRecognitionCommon (= 1.0.0-beta6)
    - MLKitVision (~> 4.2)
  - MLKitTextRecognitionChinese (1.0.0-beta6):
    - MLKitCommon (~> 8.0)
    - MLKitTextRecognitionCommon (= 1.0.0-beta6)
    - MLKitVision (~> 4.2)
  - MLKitTextRecognitionCommon (1.0.0-beta6):
    - MLKitCommon (~> 8.0)
    - MLKitVision (~> 4.2)
  - MLKitTranslate (2.2.0):
    - MLKitNaturalLanguage (~> 4.2)
    - SSZipArchive (~> 2.1)
  - MLKitVision (4.2.0):
    - GoogleToolboxForMac/Logger (~> 2.1)
    - "GoogleToolboxForMac/NSData+zlib (~> 2.1)"
    - GTMSessionFetcher/Core (~> 1.1)
    - MLImage (= 1.0.0-beta3)
    - MLKitCommon (~> 8.0)
    - Protobuf (~> 3.12)
  - MLKitVisionKit (5.2.0):
    - MLKitCommon (~> 8.0)
    - MLKitImageLabelingCommon (~> 4.2)
    - MLKitObjectDetectionCommon (~> 4.2)
    - MLKitVision (~> 4.2)
  - MLKitXenoCommon (1.0.0-beta10):
    - MLKitCommon (~> 8.0)
    - MLKitVision (~> 4.2)
  - nanopb (2.30909.0):
    - nanopb/decode (= 2.30909.0)
    - nanopb/encode (= 2.30909.0)
  - nanopb/decode (2.30909.0)
  - nanopb/encode (2.30909.0)
  - path_provider_ios (0.0.1):
    - Flutter
  - PromisesObjC (2.1.1)
  - Protobuf (3.21.8)
  - SSZipArchive (2.4.3)

DEPENDENCIES:
  - camera_avfoundation (from `.symlinks/plugins/camera_avfoundation/ios`)
  - Flutter (from `Flutter`)
  - google_mlkit_barcode_scanning (from `.symlinks/plugins/google_mlkit_barcode_scanning/ios`)
  - google_mlkit_commons (from `.symlinks/plugins/google_mlkit_commons/ios`)
  - google_mlkit_digital_ink_recognition (from `.symlinks/plugins/google_mlkit_digital_ink_recognition/ios`)
  - google_mlkit_entity_extraction (from `.symlinks/plugins/google_mlkit_entity_extraction/ios`)
  - google_mlkit_face_detection (from `.symlinks/plugins/google_mlkit_face_detection/ios`)
  - google_mlkit_image_labeling (from `.symlinks/plugins/google_mlkit_image_labeling/ios`)
  - google_mlkit_language_id (from `.symlinks/plugins/google_mlkit_language_id/ios`)
  - google_mlkit_object_detection (from `.symlinks/plugins/google_mlkit_object_detection/ios`)
  - google_mlkit_pose_detection (from `.symlinks/plugins/google_mlkit_pose_detection/ios`)
  - google_mlkit_selfie_segmentation (from `.symlinks/plugins/google_mlkit_selfie_segmentation/ios`)
  - google_mlkit_smart_reply (from `.symlinks/plugins/google_mlkit_smart_reply/ios`)
  - google_mlkit_text_recognition (from `.symlinks/plugins/google_mlkit_text_recognition/ios`)
  - google_mlkit_translation (from `.symlinks/plugins/google_mlkit_translation/ios`)
  - GoogleMLKit/TextRecognitionChinese (~> 3.2.0)
  - image_picker_ios (from `.symlinks/plugins/image_picker_ios/ios`)
  - path_provider_ios (from `.symlinks/plugins/path_provider_ios/ios`)

SPEC REPOS:
  trunk:
    - GoogleDataTransport
    - GoogleMLKit
    - GoogleToolboxForMac
    - GoogleUtilities
    - GoogleUtilitiesComponents
    - GTMSessionFetcher
    - MLImage
    - MLKitBarcodeScanning
    - MLKitCommon
    - MLKitDigitalInkRecognition
    - MLKitEntityExtraction
    - MLKitFaceDetection
    - MLKitImageLabeling
    - MLKitImageLabelingCommon
    - MLKitImageLabelingCustom
    - MLKitLanguageID
    - MLKitMDD
    - MLKitNaturalLanguage
    - MLKitObjectDetection
    - MLKitObjectDetectionCommon
    - MLKitObjectDetectionCustom
    - MLKitPoseDetection
    - MLKitPoseDetectionAccurate
    - MLKitPoseDetectionCommon
    - MLKitSegmentationCommon
    - MLKitSegmentationSelfie
    - MLKitSmartReply
    - MLKitTextRecognition
    - MLKitTextRecognitionChinese
    - MLKitTextRecognitionCommon
    - MLKitTranslate
    - MLKitVision
    - MLKitVisionKit
    - MLKitXenoCommon
    - nanopb
    - PromisesObjC
    - Protobuf
    - SSZipArchive

EXTERNAL SOURCES:
  camera_avfoundation:
    :path: ".symlinks/plugins/camera_avfoundation/ios"
  Flutter:
    :path: Flutter
  google_mlkit_barcode_scanning:
    :path: ".symlinks/plugins/google_mlkit_barcode_scanning/ios"
  google_mlkit_commons:
    :path: ".symlinks/plugins/google_mlkit_commons/ios"
  google_mlkit_digital_ink_recognition:
    :path: ".symlinks/plugins/google_mlkit_digital_ink_recognition/ios"
  google_mlkit_entity_extraction:
    :path: ".symlinks/plugins/google_mlkit_entity_extraction/ios"
  google_mlkit_face_detection:
    :path: ".symlinks/plugins/google_mlkit_face_detection/ios"
  google_mlkit_image_labeling:
    :path: ".symlinks/plugins/google_mlkit_image_labeling/ios"
  google_mlkit_language_id:
    :path: ".symlinks/plugins/google_mlkit_language_id/ios"
  google_mlkit_object_detection:
    :path: ".symlinks/plugins/google_mlkit_object_detection/ios"
  google_mlkit_pose_detection:
    :path: ".symlinks/plugins/google_mlkit_pose_detection/ios"
  google_mlkit_selfie_segmentation:
    :path: ".symlinks/plugins/google_mlkit_selfie_segmentation/ios"
  google_mlkit_smart_reply:
    :path: ".symlinks/plugins/google_mlkit_smart_reply/ios"
  google_mlkit_text_recognition:
    :path: ".symlinks/plugins/google_mlkit_text_recognition/ios"
  google_mlkit_translation:
    :path: ".symlinks/plugins/google_mlkit_translation/ios"
  image_picker_ios:
    :path: ".symlinks/plugins/image_picker_ios/ios"
  path_provider_ios:
    :path: ".symlinks/plugins/path_provider_ios/ios"

SPEC CHECKSUMS:
  camera_avfoundation: 07c77549ea54ad95d8581be86617c094a46280d9
  Flutter: f04841e97a9d0b0a8025694d0796dd46242b2854
  google_mlkit_barcode_scanning: 135c555535bb4b5873454f92c84c5974a5076a7a
  google_mlkit_commons: e9070f57232c3a3e4bd42fdfa621bb1f4bb3e709
  google_mlkit_digital_ink_recognition: 8b4accd9b91a9754f51af8442660d28a3a0972d0
  google_mlkit_entity_extraction: ef8917b8a7998a5739911024a84ac269856f2091
  google_mlkit_face_detection: 47bc01a9854481b2ef66f7660416d53a12bf6ba8
  google_mlkit_image_labeling: 8dda58b879de0d353680b56c7d8a12caa314e12b
  google_mlkit_language_id: 53ebf314cf90dcd18389a1faa72c3c639519beae
  google_mlkit_object_detection: 6bb4b0206a19e5580e9be43e78d2c52070de05a5
  google_mlkit_pose_detection: 7f850dbd8d375324f23ab35009b617275c4bf584
  google_mlkit_selfie_segmentation: ab7c379aba85c18d828ecb2c39ec048238c8b046
  google_mlkit_smart_reply: df10433c9fa63e9b9c24b049f467c6665a4c43dc
  google_mlkit_text_recognition: 94f4a800bc84f67e34e16f8d48be3d5da70b3948
  google_mlkit_translation: 381c32cebdef40ade05565fc75c63f36a8f3f0a1
  GoogleDataTransport: 1c8145da7117bd68bbbed00cf304edb6a24de00f
  GoogleMLKit: 0017a6a8372e1a182139b9def4d89be5d87ca5a7
  GoogleToolboxForMac: 8bef7c7c5cf7291c687cf5354f39f9db6399ad34
  GoogleUtilities: 1d20a6ad97ef46f67bbdec158ce00563a671ebb7
  GoogleUtilitiesComponents: 679b2c881db3b615a2777504623df6122dd20afe
  GTMSessionFetcher: 5595ec75acf5be50814f81e9189490412bad82ba
  image_picker_ios: b786a5dcf033a8336a657191401bfdf12017dabb
  MLImage: 489dfec109f21da8621b28d476401aaf7a0d4ff4
  MLKitBarcodeScanning: d92fe1911001ec36870162c5a0eb206f612b7169
  MLKitCommon: f6da6c5659618c070b50a80db01248ebe2964175
  MLKitDigitalInkRecognition: fb059c390f42d88d99117dcf8260cd961b1700ad
  MLKitEntityExtraction: 87647c95bcbfad54599a2a8e515a01a0dab66a42
  MLKitFaceDetection: 9f29d8d0bb38911281407e24e74d2e5da812ba8d
  MLKitImageLabeling: 3a7c9b4ba2550c8a37d392c74b7d75c4c39aaa4c
  MLKitImageLabelingCommon: 48a3d85b80a993edb168576f94192338e046a836
  MLKitImageLabelingCustom: 4d3d01cb80d27a30bb713662b75afca4af4d8922
  MLKitLanguageID: 395b867dd9105709789c32b3bac8449cccd44332
  MLKitMDD: 46ad2c0049221802123bfaae3d33302ace371d8a
  MLKitNaturalLanguage: 3350ebe7436046cd3146b8df9a2e06d6ba7a6439
  MLKitObjectDetection: 76da46294ddf1aba22d2b6d69fa83ed1ce5dad49
  MLKitObjectDetectionCommon: 9fd75e357db52714013d9dda97a9f35e7b5d7d5b
  MLKitObjectDetectionCustom: 1c5f27e4b5afd9e4348da4c890b8c69e508dd52d
  MLKitPoseDetection: 619212a00d60dbd045900f351f5d536a29293209
  MLKitPoseDetectionAccurate: bd23e4035931bfd7daf4e649a9d34c9c1cd455e8
  MLKitPoseDetectionCommon: 440b2b41504319ff9855cd941f1e4606af069e8b
  MLKitSegmentationCommon: e6228d151b057754dfeab45a363266011fd1ceeb
  MLKitSegmentationSelfie: 500996b08e77fe66c6f48ae59d5892e848c94544
  MLKitSmartReply: 5778bde3b14c876637e69c570ada1fee08736f94
  MLKitTextRecognition: f6fda8923564f6cebe2bb952a1adb0414e1d731b
  MLKitTextRecognitionChinese: 347c904ad8a0a064918dd91fe2ebc65182d9814f
  MLKitTextRecognitionCommon: 0c720ee45ffedb3a34f0e8b95764d2f57a108e71
  MLKitTranslate: e2998053668911b4de2cebe5ce072fd035189686
  MLKitVision: 96c96571190b7f63eddf4a12068ce8a8689e0d2c
  MLKitVisionKit: bd7f84af2da356322872182b1f5bdf66f68e4584
  MLKitXenoCommon: 39b7097db51f4716a2a0ff4e4459e002499f5523
  nanopb: b552cce312b6c8484180ef47159bc0f65a1f0431
  path_provider_ios: 14f3d2fd28c4fdb42f44e0f751d12861c43cee02
  PromisesObjC: ab77feca74fa2823e7af4249b8326368e61014cb
  Protobuf: 0a11f3000cd10ffa17611bf96e66a66b25c956e4
  SSZipArchive: fe6a26b2a54d5a0890f2567b5cc6de5caa600aef

PODFILE CHECKSUM: 75f3af38ee3dc88d2a16b6053a8bf7fa235e485a

COCOAPODS: 1.11.3
