PODS:
  - Flutter (1.0.0)
  - google_mlkit_barcode_scanning (0.14.2):
    - Flutter
    - google_mlkit_commons
    - GoogleMLKit/BarcodeScanning (~> 9.0.0)
  - google_mlkit_commons (0.11.1):
    - Flutter
    - MLKitVision (~> 10.0.0)
  - google_mlkit_digital_ink_recognition (0.14.2):
    - Flutter
    - google_mlkit_commons
    - GoogleMLKit/DigitalInkRecognition (~> 9.0.0)
  - google_mlkit_document_scanner (0.4.1):
    - Flutter
  - google_mlkit_entity_extraction (0.15.3):
    - Flutter
    - google_mlkit_commons
    - GoogleMLKit/EntityExtraction (~> 9.0.0)
  - google_mlkit_face_detection (0.13.2):
    - Flutter
    - google_mlkit_commons
    - GoogleMLKit/FaceDetection (~> 9.0.0)
  - google_mlkit_face_mesh_detection (0.4.2):
    - Flutter
    - google_mlkit_commons
  - google_mlkit_image_labeling (0.14.2):
    - Flutter
    - google_mlkit_commons
    - GoogleMLKit/ImageLabeling (~> 9.0.0)
    - GoogleMLKit/ImageLabelingCustom (~> 9.0.0)
  - google_mlkit_language_id (0.13.1):
    - Flutter
    - google_mlkit_commons
    - GoogleMLKit/LanguageID (~> 9.0.0)
  - google_mlkit_object_detection (0.15.1):
    - Flutter
    - google_mlkit_commons
    - GoogleMLKit/ObjectDetection (~> 9.0.0)
    - GoogleMLKit/ObjectDetectionCustom (~> 9.0.0)
  - google_mlkit_pose_detection (0.14.1):
    - Flutter
    - google_mlkit_commons
    - GoogleMLKit/PoseDetection (~> 9.0.0)
    - GoogleMLKit/PoseDetectionAccurate (~> 9.0.0)
  - google_mlkit_selfie_segmentation (0.10.1):
    - Flutter
    - google_mlkit_commons
    - GoogleMLKit/SegmentationSelfie (~> 9.0.0)
  - google_mlkit_smart_reply (0.13.1):
    - Flutter
    - google_mlkit_commons
    - GoogleMLKit/SmartReply (~> 9.0.0)
  - google_mlkit_subject_segmentation (0.0.3):
    - Flutter
  - google_mlkit_text_recognition (0.15.1):
    - Flutter
    - google_mlkit_commons
    - GoogleMLKit/TextRecognition (~> 9.0.0)
  - google_mlkit_translation (0.13.1):
    - Flutter
    - google_mlkit_commons
    - GoogleMLKit/Translate (~> 9.0.0)
  - GoogleDataTransport (10.1.0):
    - nanopb (~> 3.30910.0)
    - PromisesObjC (~> 2.4)
  - GoogleMLKit/BarcodeScanning (9.0.0):
    - GoogleMLKit/MLKitCore
    - MLKitBarcodeScanning (~> 8.0.0)
  - GoogleMLKit/DigitalInkRecognition (9.0.0):
    - GoogleMLKit/MLKitCore
    - MLKitDigitalInkRecognition (~> 8.0.0)
  - GoogleMLKit/EntityExtraction (9.0.0):
    - GoogleMLKit/MLKitCore
    - MLKitEntityExtraction (~> 1.0.0-beta15)
  - GoogleMLKit/FaceDetection (9.0.0):
    - GoogleMLKit/MLKitCore
    - MLKitFaceDetection (~> 8.0.0)
  - GoogleMLKit/ImageLabeling (9.0.0):
    - GoogleMLKit/MLKitCore
    - MLKitImageLabeling (~> 8.0.0)
  - GoogleMLKit/ImageLabelingCustom (9.0.0):
    - GoogleMLKit/MLKitCore
    - MLKitImageLabelingCustom (~> 8.0.0)
  - GoogleMLKit/LanguageID (9.0.0):
    - GoogleMLKit/MLKitCore
    - MLKitLanguageID (~> 9.0.0)
  - GoogleMLKit/MLKitCore (9.0.0):
    - MLKitCommon (~> 14.0.0)
  - GoogleMLKit/ObjectDetection (9.0.0):
    - GoogleMLKit/MLKitCore
    - MLKitObjectDetection (~> 8.0.0)
  - GoogleMLKit/ObjectDetectionCustom (9.0.0):
    - GoogleMLKit/MLKitCore
    - MLKitObjectDetectionCustom (~> 8.0.0)
  - GoogleMLKit/PoseDetection (9.0.0):
    - GoogleMLKit/MLKitCore
    - MLKitPoseDetection (~> 1.0.0-beta16)
  - GoogleMLKit/PoseDetectionAccurate (9.0.0):
    - GoogleMLKit/MLKitCore
    - MLKitPoseDetectionAccurate (~> 1.0.0-beta16)
  - GoogleMLKit/SegmentationSelfie (9.0.0):
    - GoogleMLKit/MLKitCore
    - MLKitSegmentationSelfie (~> 1.0.0-beta14)
  - GoogleMLKit/SmartReply (9.0.0):
    - GoogleMLKit/MLKitCore
    - MLKitSmartReply (~> 8.0.0)
  - GoogleMLKit/TextRecognition (9.0.0):
    - GoogleMLKit/MLKitCore
    - MLKitTextRecognition (~> 7.0.0)
  - GoogleMLKit/TextRecognitionChinese (9.0.0):
    - GoogleMLKit/MLKitCore
    - MLKitTextRecognitionChinese (~> 6.0.0)
  - GoogleMLKit/TextRecognitionDevanagari (9.0.0):
    - GoogleMLKit/MLKitCore
    - MLKitTextRecognitionDevanagari (~> 6.0.0)
  - GoogleMLKit/TextRecognitionJapanese (9.0.0):
    - GoogleMLKit/MLKitCore
    - MLKitTextRecognitionJapanese (~> 6.0.0)
  - GoogleMLKit/TextRecognitionKorean (9.0.0):
    - GoogleMLKit/MLKitCore
    - MLKitTextRecognitionKorean (~> 6.0.0)
  - GoogleMLKit/Translate (9.0.0):
    - GoogleMLKit/MLKitCore
    - MLKitTranslate (~> 8.0.0)
  - GoogleToolboxForMac/Defines (4.2.1)
  - GoogleToolboxForMac/Logger (4.2.1):
    - GoogleToolboxForMac/Defines (= 4.2.1)
  - "GoogleToolboxForMac/NSData+zlib (4.2.1)":
    - GoogleToolboxForMac/Defines (= 4.2.1)
  - GoogleToolboxForMac/StringEncoding (4.2.1):
    - GoogleToolboxForMac/Defines (= 4.2.1)
  - GoogleUtilities/Environment (8.1.0):
    - GoogleUtilities/Privacy
  - GoogleUtilities/Logger (8.1.0):
    - GoogleUtilities/Environment
    - GoogleUtilities/Privacy
  - GoogleUtilities/Privacy (8.1.0)
  - GoogleUtilities/UserDefaults (8.1.0):
    - GoogleUtilities/Logger
    - GoogleUtilities/Privacy
  - GTMSessionFetcher/Core (3.5.0)
  - MLImage (1.0.0-beta8)
  - MLKitBarcodeScanning (8.0.0):
    - MLKitCommon (~> 14.0)
    - MLKitVision (~> 10.0)
  - MLKitCommon (14.0.0):
    - GoogleDataTransport (~> 10.0)
    - GoogleToolboxForMac/Logger (< 5.0, >= 4.2.1)
    - "GoogleToolboxForMac/NSData+zlib (< 5.0, >= 4.2.1)"
    - GoogleUtilities/Logger (~> 8.0)
    - GoogleUtilities/UserDefaults (~> 8.0)
    - GTMSessionFetcher/Core (< 4.0, >= 3.3.2)
  - MLKitDigitalInkRecognition (8.0.0):
    - MLKitCommon (~> 14.0)
    - MLKitMDD (~> 10.0)
    - SSZipArchive (< 3.0, >= 2.5.5)
  - MLKitEntityExtraction (1.0.0-beta15):
    - MLKitNaturalLanguage (~> 10.0)
  - MLKitFaceDetection (8.0.0):
    - MLKitCommon (~> 14.0)
    - MLKitVision (~> 10.0)
  - MLKitImageLabeling (8.0.0):
    - MLKitCommon (~> 14.0)
    - MLKitImageLabelingCommon (~> 10.0)
    - MLKitVision (~> 10.0)
    - MLKitVisionKit (~> 11.0)
  - MLKitImageLabelingCommon (10.0.0):
    - MLKitCommon (~> 14.0)
    - MLKitVision (~> 10.0)
  - MLKitImageLabelingCustom (8.0.0):
    - MLKitCommon (~> 14.0)
    - MLKitImageLabelingCommon (~> 10.0)
    - MLKitVision (~> 10.0)
    - MLKitVisionKit (~> 11.0)
  - MLKitLanguageID (9.0.0):
    - MLKitNaturalLanguage (~> 10.0)
  - MLKitMDD (10.0.0):
    - MLKitCommon (~> 14.0)
  - MLKitNaturalLanguage (10.0.0):
    - GoogleToolboxForMac/Logger (< 5.0, >= 4.2.1)
    - "GoogleToolboxForMac/NSData+zlib (< 5.0, >= 4.2.1)"
    - GoogleToolboxForMac/StringEncoding (< 5.0, >= 4.2.1)
    - GTMSessionFetcher/Core (< 4.0, >= 3.3.2)
    - MLKitCommon (~> 14.0)
  - MLKitObjectDetection (8.0.0):
    - MLKitCommon (~> 14.0)
    - MLKitObjectDetectionCommon (~> 10.0)
    - MLKitVision (~> 10.0)
    - MLKitVisionKit (~> 11.0)
  - MLKitObjectDetectionCommon (10.0.0):
    - MLKitCommon (~> 14.0)
    - MLKitVision (~> 10.0)
  - MLKitObjectDetectionCustom (8.0.0):
    - MLKitCommon (~> 14.0)
    - MLKitObjectDetectionCommon (~> 10.0)
    - MLKitVision (~> 10.0)
    - MLKitVisionKit (~> 11.0)
  - MLKitPoseDetection (1.0.0-beta16):
    - MLKitCommon (~> 14.0)
    - MLKitPoseDetectionCommon (= 1.0.0-beta16)
    - MLKitXenoCommon (= 1.0.0-beta16)
  - MLKitPoseDetectionAccurate (1.0.0-beta16):
    - MLKitCommon (~> 14.0)
    - MLKitPoseDetectionCommon (= 1.0.0-beta16)
    - MLKitXenoCommon (= 1.0.0-beta16)
  - MLKitPoseDetectionCommon (1.0.0-beta16):
    - MLKitCommon (~> 14.0)
    - MLKitXenoCommon (= 1.0.0-beta16)
  - MLKitSegmentationCommon (1.0.0-beta14):
    - MLKitCommon (~> 14.0)
    - MLKitXenoCommon (= 1.0.0-beta16)
  - MLKitSegmentationSelfie (1.0.0-beta14):
    - MLKitSegmentationCommon (= 1.0.0-beta14)
  - MLKitSmartReply (8.0.0):
    - MLKitLanguageID (~> 9.0)
    - MLKitNaturalLanguage (~> 10.0)
  - MLKitTextRecognition (7.0.0):
    - MLKitCommon (~> 14.0)
    - MLKitTextRecognitionCommon (= 6.0.0)
    - MLKitVision (~> 10.0)
  - MLKitTextRecognitionChinese (6.0.0):
    - MLKitCommon (~> 14.0)
    - MLKitTextRecognitionCommon (= 6.0.0)
    - MLKitVision (~> 10.0)
  - MLKitTextRecognitionCommon (6.0.0):
    - MLKitCommon (~> 14.0)
    - MLKitVision (~> 10.0)
  - MLKitTextRecognitionDevanagari (6.0.0):
    - MLKitCommon (~> 14.0)
    - MLKitTextRecognitionCommon (= 6.0.0)
    - MLKitVision (~> 10.0)
  - MLKitTextRecognitionJapanese (6.0.0):
    - MLKitCommon (~> 14.0)
    - MLKitTextRecognitionCommon (= 6.0.0)
    - MLKitVision (~> 10.0)
  - MLKitTextRecognitionKorean (6.0.0):
    - MLKitCommon (~> 14.0)
    - MLKitTextRecognitionCommon (= 6.0.0)
    - MLKitVision (~> 10.0)
  - MLKitTranslate (8.0.0):
    - MLKitNaturalLanguage (~> 10.0)
    - SSZipArchive (< 3.0, >= 2.5.5)
  - MLKitVision (10.0.0):
    - GoogleToolboxForMac/Logger (< 5.0, >= 4.2.1)
    - "GoogleToolboxForMac/NSData+zlib (< 5.0, >= 4.2.1)"
    - GTMSessionFetcher/Core (< 4.0, >= 3.3.2)
    - MLImage (= 1.0.0-beta8)
    - MLKitCommon (~> 14.0)
  - MLKitVisionKit (11.0.0):
    - MLKitCommon (~> 14.0)
    - MLKitImageLabelingCommon (~> 10.0)
    - MLKitObjectDetectionCommon (~> 10.0)
    - MLKitVision (~> 10.0)
  - MLKitXenoCommon (1.0.0-beta16):
    - MLKitCommon (~> 14.0)
    - MLKitVision (~> 10.0)
  - nanopb (3.30910.0):
    - nanopb/decode (= 3.30910.0)
    - nanopb/encode (= 3.30910.0)
  - nanopb/decode (3.30910.0)
  - nanopb/encode (3.30910.0)
  - PromisesObjC (2.4.0)
  - SSZipArchive (2.6.0)

DEPENDENCIES:
  - Flutter (from `Flutter`)
  - google_mlkit_barcode_scanning (from `.symlinks/plugins/google_mlkit_barcode_scanning/ios`)
  - google_mlkit_commons (from `.symlinks/plugins/google_mlkit_commons/ios`)
  - google_mlkit_digital_ink_recognition (from `.symlinks/plugins/google_mlkit_digital_ink_recognition/ios`)
  - google_mlkit_document_scanner (from `.symlinks/plugins/google_mlkit_document_scanner/ios`)
  - google_mlkit_entity_extraction (from `.symlinks/plugins/google_mlkit_entity_extraction/ios`)
  - google_mlkit_face_detection (from `.symlinks/plugins/google_mlkit_face_detection/ios`)
  - google_mlkit_face_mesh_detection (from `.symlinks/plugins/google_mlkit_face_mesh_detection/ios`)
  - google_mlkit_image_labeling (from `.symlinks/plugins/google_mlkit_image_labeling/ios`)
  - google_mlkit_language_id (from `.symlinks/plugins/google_mlkit_language_id/ios`)
  - google_mlkit_object_detection (from `.symlinks/plugins/google_mlkit_object_detection/ios`)
  - google_mlkit_pose_detection (from `.symlinks/plugins/google_mlkit_pose_detection/ios`)
  - google_mlkit_selfie_segmentation (from `.symlinks/plugins/google_mlkit_selfie_segmentation/ios`)
  - google_mlkit_smart_reply (from `.symlinks/plugins/google_mlkit_smart_reply/ios`)
  - google_mlkit_subject_segmentation (from `.symlinks/plugins/google_mlkit_subject_segmentation/ios`)
  - google_mlkit_text_recognition (from `.symlinks/plugins/google_mlkit_text_recognition/ios`)
  - google_mlkit_translation (from `.symlinks/plugins/google_mlkit_translation/ios`)
  - GoogleMLKit/TextRecognitionChinese (~> 9.0.0)
  - GoogleMLKit/TextRecognitionDevanagari (~> 9.0.0)
  - GoogleMLKit/TextRecognitionJapanese (~> 9.0.0)
  - GoogleMLKit/TextRecognitionKorean (~> 9.0.0)

SPEC REPOS:
  trunk:
    - GoogleDataTransport
    - GoogleMLKit
    - GoogleToolboxForMac
    - GoogleUtilities
    - GTMSessionFetcher
    - MLImage
    - MLKitBarcodeScanning
    - MLKitCommon
    - MLKitDigitalInkRecognition
    - MLKitEntityExtraction
    - MLKitFaceDetection
    - MLKitImageLabeling
    - MLKitImageLabelingCommon
    - MLKitImageLabelingCustom
    - MLKitLanguageID
    - MLKitMDD
    - MLKitNaturalLanguage
    - MLKitObjectDetection
    - MLKitObjectDetectionCommon
    - MLKitObjectDetectionCustom
    - MLKitPoseDetection
    - MLKitPoseDetectionAccurate
    - MLKitPoseDetectionCommon
    - MLKitSegmentationCommon
    - MLKitSegmentationSelfie
    - MLKitSmartReply
    - MLKitTextRecognition
    - MLKitTextRecognitionChinese
    - MLKitTextRecognitionCommon
    - MLKitTextRecognitionDevanagari
    - MLKitTextRecognitionJapanese
    - MLKitTextRecognitionKorean
    - MLKitTranslate
    - MLKitVision
    - MLKitVisionKit
    - MLKitXenoCommon
    - nanopb
    - PromisesObjC
    - SSZipArchive

EXTERNAL SOURCES:
  Flutter:
    :path: Flutter
  google_mlkit_barcode_scanning:
    :path: ".symlinks/plugins/google_mlkit_barcode_scanning/ios"
  google_mlkit_commons:
    :path: ".symlinks/plugins/google_mlkit_commons/ios"
  google_mlkit_digital_ink_recognition:
    :path: ".symlinks/plugins/google_mlkit_digital_ink_recognition/ios"
  google_mlkit_document_scanner:
    :path: ".symlinks/plugins/google_mlkit_document_scanner/ios"
  google_mlkit_entity_extraction:
    :path: ".symlinks/plugins/google_mlkit_entity_extraction/ios"
  google_mlkit_face_detection:
    :path: ".symlinks/plugins/google_mlkit_face_detection/ios"
  google_mlkit_face_mesh_detection:
    :path: ".symlinks/plugins/google_mlkit_face_mesh_detection/ios"
  google_mlkit_image_labeling:
    :path: ".symlinks/plugins/google_mlkit_image_labeling/ios"
  google_mlkit_language_id:
    :path: ".symlinks/plugins/google_mlkit_language_id/ios"
  google_mlkit_object_detection:
    :path: ".symlinks/plugins/google_mlkit_object_detection/ios"
  google_mlkit_pose_detection:
    :path: ".symlinks/plugins/google_mlkit_pose_detection/ios"
  google_mlkit_selfie_segmentation:
    :path: ".symlinks/plugins/google_mlkit_selfie_segmentation/ios"
  google_mlkit_smart_reply:
    :path: ".symlinks/plugins/google_mlkit_smart_reply/ios"
  google_mlkit_subject_segmentation:
    :path: ".symlinks/plugins/google_mlkit_subject_segmentation/ios"
  google_mlkit_text_recognition:
    :path: ".symlinks/plugins/google_mlkit_text_recognition/ios"
  google_mlkit_translation:
    :path: ".symlinks/plugins/google_mlkit_translation/ios"

SPEC CHECKSUMS:
  Flutter: cabc95a1d2626b1b06e7179b784ebcf0c0cde467
  google_mlkit_barcode_scanning: 12d8422d8f7b00726dedf9cac00188a2b98750c2
  google_mlkit_commons: a5e4ffae5bc59ea4c7b9025dc72cb6cb79dc1166
  google_mlkit_digital_ink_recognition: a9f14c9a75bad980ea26f2d3ce277f5963f413ba
  google_mlkit_document_scanner: 107c2c91ea967acb9eb989ff988443b81b8e761a
  google_mlkit_entity_extraction: 45de8519319089085569ef9e10e2500b8d0d55a0
  google_mlkit_face_detection: ee4b72cfae062b4c972204be955d83055a4bfd36
  google_mlkit_face_mesh_detection: 644aad01e609e0962bc38495d1d807e2ae9f5e1b
  google_mlkit_image_labeling: 6f6fdb11c14600e01898e59a8c4413b255ede272
  google_mlkit_language_id: de6f5cc02967420549c3c3a1624b359217442db9
  google_mlkit_object_detection: 6a81b32faf7a9b700bed7a2caa67254818553257
  google_mlkit_pose_detection: 211eabf55f5ea8d6a9537fdade0a37148fc84d8b
  google_mlkit_selfie_segmentation: 0317616b7e460f242bd13a805b70f4e0ba636336
  google_mlkit_smart_reply: fa236bc7f5f8ed70a894a659ec8d43b5b05374a6
  google_mlkit_subject_segmentation: 864c91cd7c89cedc4b17021794c6c182ba165e0f
  google_mlkit_text_recognition: b3de5adb786ad7a0fe8e13618387b8d2df0f3c70
  google_mlkit_translation: c5a10fefc8f641df87a49d2744b2b1bf0c418064
  GoogleDataTransport: aae35b7ea0c09004c3797d53c8c41f66f219d6a7
  GoogleMLKit: b1eee21a41c57704fe72483b15c85cb2c0cd7444
  GoogleToolboxForMac: d1a2cbf009c453f4d6ded37c105e2f67a32206d8
  GoogleUtilities: 00c88b9a86066ef77f0da2fab05f65d7768ed8e1
  GTMSessionFetcher: 5aea5ba6bd522a239e236100971f10cb71b96ab6
  MLImage: 0de5c6c2bf9e93b80ef752e2797f0836f03b58c0
  MLKitBarcodeScanning: 39de223e7b1b8a8fbf10816a536dd292d8a39343
  MLKitCommon: 47d47b50a031d00db62f1b0efe5a1d8b09a3b2e6
  MLKitDigitalInkRecognition: d352ba532b816e7a930b8fa2e180288352c4736c
  MLKitEntityExtraction: 9f529552862823d493d999fe7920fb195cfba8e3
  MLKitFaceDetection: 32549f1e70e6e7731261bf9cea2b74095e2531cb
  MLKitImageLabeling: 739591b1b69ebab735e97fa1b4ce37cea8361bb7
  MLKitImageLabelingCommon: 616b0c69b3e302720cfb65903da50dc2e697b915
  MLKitImageLabelingCustom: 43cf5d49fb762adb93e3108cb55c81a8ec005d57
  MLKitLanguageID: 7b7d115881e0e036627052e32d7771b9d7f67ee6
  MLKitMDD: 264ea38cb1eafc18ee1f37eb69e7f2596962df6c
  MLKitNaturalLanguage: 498154f2461f97abb00eb161eb773670ffc46250
  MLKitObjectDetection: c6346f1e6fd945d9a1a993104184e886bda6e0f6
  MLKitObjectDetectionCommon: 0639341c7cbb44327dac9a23c473d2484d3169dd
  MLKitObjectDetectionCustom: a210309c7d2a0c08b0ce7b9ef3e8d36027c96978
  MLKitPoseDetection: 037fc62d6ccdd5a63253d1f40f90a8120b0d9c61
  MLKitPoseDetectionAccurate: 4b25c5447244db7e1d97963c4d6e4ebe612c2d88
  MLKitPoseDetectionCommon: 4709eb53b8638f5bf87c1a0255ad8aa4db9ad460
  MLKitSegmentationCommon: f634fb3c20c1d8bace22a2c026bdaa0ca17613d9
  MLKitSegmentationSelfie: 62371f35c33d49c3e7474443677b6a0c7ac9c98b
  MLKitSmartReply: 52977167d7d824207a784fa42ace19d6c6e698e8
  MLKitTextRecognition: c0ad24510481dfc8893ad15dfcb8a5f05ed9e826
  MLKitTextRecognitionChinese: b69210723ed8cc9bc7b2e7847001880b0dcbb7f8
  MLKitTextRecognitionCommon: 234ceb1cfdfb5fceb4fd664943046609a2961cc2
  MLKitTextRecognitionDevanagari: 326281ad520172466dd6dd6a784fa03fb8ab9e37
  MLKitTextRecognitionJapanese: 965f89fd8ad3a02eb466106522ed08ea19f30f61
  MLKitTextRecognitionKorean: 22c8d6a73f519fa9732873993a30b067f8deccb1
  MLKitTranslate: fcb283a2cbaaa595e1cf1d3fedffcea2e97a1168
  MLKitVision: 39a5a812db83c4a0794445088e567f3631c11961
  MLKitVisionKit: 316cd349468797ef4e7fd785bf658ca838984de3
  MLKitXenoCommon: 1a4268c1222a6043047af5bb9435028206c63287
  nanopb: fad817b59e0457d11a5dfbde799381cd727c1275
  PromisesObjC: f5707f49cb48b9636751c5b2e7d227e43fba9f47
  SSZipArchive: 8a6ee5677c8e304bebc109e39cf0da91ccef22ea

PODFILE CHECKSUM: 810ea711de6d4d578877638350f293e7020676b9

COCOAPODS: 1.16.2
