PODS:
  - camera_avfoundation (0.0.1):
    - Flutter
  - Flutter (1.0.0)
  - flutter_pdfview (1.0.2):
    - Flutter
  - google_mlkit_barcode_scanning (0.14.2):
    - Flutter
    - google_mlkit_commons
    - GoogleMLKit/BarcodeScanning (~> 9.0.0)
  - google_mlkit_commons (0.11.1):
    - Flutter
    - MLKitVision (~> 10.0.0)
  - google_mlkit_digital_ink_recognition (0.14.2):
    - Flutter
    - google_mlkit_commons
    - GoogleMLKit/DigitalInkRecognition (~> 9.0.0)
  - google_mlkit_document_scanner (0.4.1):
    - Flutter
  - google_mlkit_entity_extraction (0.15.3):
    - Flutter
    - google_mlkit_commons
    - GoogleMLKit/EntityExtraction (~> 9.0.0)
  - google_mlkit_face_detection (0.13.2):
    - Flutter
    - google_mlkit_commons
    - GoogleMLKit/FaceDetection (~> 9.0.0)
  - google_mlkit_face_mesh_detection (0.4.2):
    - Flutter
    - google_mlkit_commons
  - google_mlkit_genai_image_description (0.1.0):
    - Flutter
  - google_mlkit_genai_prompt (0.1.0):
    - Flutter
  - google_mlkit_genai_proofreading (0.1.0):
    - Flutter
  - google_mlkit_genai_rewriting (0.1.0):
    - Flutter
  - google_mlkit_genai_speech_recognition (0.1.0):
    - Flutter
  - google_mlkit_genai_summarization (0.1.0):
    - Flutter
  - google_mlkit_image_labeling (0.14.2):
    - Flutter
    - google_mlkit_commons
    - GoogleMLKit/ImageLabeling (~> 9.0.0)
    - GoogleMLKit/ImageLabelingCustom (~> 9.0.0)
  - google_mlkit_language_id (0.13.1):
    - Flutter
    - google_mlkit_commons
    - GoogleMLKit/LanguageID (~> 9.0.0)
  - google_mlkit_object_detection (0.15.1):
    - Flutter
    - google_mlkit_commons
    - GoogleMLKit/ObjectDetection (~> 9.0.0)
    - GoogleMLKit/ObjectDetectionCustom (~> 9.0.0)
  - google_mlkit_pose_detection (0.14.1):
    - Flutter
    - google_mlkit_commons
    - GoogleMLKit/PoseDetection (~> 9.0.0)
    - GoogleMLKit/PoseDetectionAccurate (~> 9.0.0)
  - google_mlkit_selfie_segmentation (0.10.1):
    - Flutter
    - google_mlkit_commons
    - GoogleMLKit/SegmentationSelfie (~> 9.0.0)
  - google_mlkit_smart_reply (0.13.1):
    - Flutter
    - google_mlkit_commons
    - GoogleMLKit/SmartReply (~> 9.0.0)
  - google_mlkit_subject_segmentation (0.0.3):
    - Flutter
  - google_mlkit_text_recognition (0.15.1):
    - Flutter
    - google_mlkit_commons
    - GoogleMLKit/TextRecognition (~> 9.0.0)
  - google_mlkit_translation (0.13.1):
    - Flutter
    - google_mlkit_commons
    - GoogleMLKit/Translate (~> 9.0.0)
  - GoogleDataTransport (10.1.0):
    - nanopb (~> 3.30910.0)
    - PromisesObjC (~> 2.4)
  - GoogleMLKit/BarcodeScanning (9.0.0):
    - GoogleMLKit/MLKitCore
    - MLKitBarcodeScanning (~> 8.0.0)
  - GoogleMLKit/DigitalInkRecognition (9.0.0):
    - GoogleMLKit/MLKitCore
    - MLKitDigitalInkRecognition (~> 8.0.0)
  - GoogleMLKit/EntityExtraction (9.0.0):
    - GoogleMLKit/MLKitCore
    - MLKitEntityExtraction (~> 1.0.0-beta15)
  - GoogleMLKit/FaceDetection (9.0.0):
    - GoogleMLKit/MLKitCore
    - MLKitFaceDetection (~> 8.0.0)
  - GoogleMLKit/ImageLabeling (9.0.0):
    - GoogleMLKit/MLKitCore
    - MLKitImageLabeling (~> 8.0.0)
  - GoogleMLKit/ImageLabelingCustom (9.0.0):
    - GoogleMLKit/MLKitCore
    - MLKitImageLabelingCustom (~> 8.0.0)
  - GoogleMLKit/LanguageID (9.0.0):
    - GoogleMLKit/MLKitCore
    - MLKitLanguageID (~> 9.0.0)
  - GoogleMLKit/MLKitCore (9.0.0):
    - MLKitCommon (~> 14.0.0)
  - GoogleMLKit/ObjectDetection (9.0.0):
    - GoogleMLKit/MLKitCore
    - MLKitObjectDetection (~> 8.0.0)
  - GoogleMLKit/ObjectDetectionCustom (9.0.0):
    - GoogleMLKit/MLKitCore
    - MLKitObjectDetectionCustom (~> 8.0.0)
  - GoogleMLKit/PoseDetection (9.0.0):
    - GoogleMLKit/MLKitCore
    - MLKitPoseDetection (~> 1.0.0-beta16)
  - GoogleMLKit/PoseDetectionAccurate (9.0.0):
    - GoogleMLKit/MLKitCore
    - MLKitPoseDetectionAccurate (~> 1.0.0-beta16)
  - GoogleMLKit/SegmentationSelfie (9.0.0):
    - GoogleMLKit/MLKitCore
    - MLKitSegmentationSelfie (~> 1.0.0-beta14)
  - GoogleMLKit/SmartReply (9.0.0):
    - GoogleMLKit/MLKitCore
    - MLKitSmartReply (~> 8.0.0)
  - GoogleMLKit/TextRecognition (9.0.0):
    - GoogleMLKit/MLKitCore
    - MLKitTextRecognition (~> 7.0.0)
  - GoogleMLKit/TextRecognitionChinese (9.0.0):
    - GoogleMLKit/MLKitCore
    - MLKitTextRecognitionChinese (~> 6.0.0)
  - GoogleMLKit/TextRecognitionDevanagari (9.0.0):
    - GoogleMLKit/MLKitCore
    - MLKitTextRecognitionDevanagari (~> 6.0.0)
  - GoogleMLKit/TextRecognitionJapanese (9.0.0):
    - GoogleMLKit/MLKitCore
    - MLKitTextRecognitionJapanese (~> 6.0.0)
  - GoogleMLKit/TextRecognitionKorean (9.0.0):
    - GoogleMLKit/MLKitCore
    - MLKitTextRecognitionKorean (~> 6.0.0)
  - GoogleMLKit/Translate (9.0.0):
    - GoogleMLKit/MLKitCore
    - MLKitTranslate (~> 8.0.0)
  - GoogleToolboxForMac/Defines (4.2.1)
  - GoogleToolboxForMac/Logger (4.2.1):
    - GoogleToolboxForMac/Defines (= 4.2.1)
  - "GoogleToolboxForMac/NSData+zlib (4.2.1)":
    - GoogleToolboxForMac/Defines (= 4.2.1)
  - GoogleToolboxForMac/StringEncoding (4.2.1):
    - GoogleToolboxForMac/Defines (= 4.2.1)
  - GoogleUtilities/Environment (8.1.0):
    - GoogleUtilities/Privacy
  - GoogleUtilities/Logger (8.1.0):
    - GoogleUtilities/Environment
    - GoogleUtilities/Privacy
  - GoogleUtilities/Privacy (8.1.0)
  - GoogleUtilities/UserDefaults (8.1.0):
    - GoogleUtilities/Logger
    - GoogleUtilities/Privacy
  - GTMSessionFetcher/Core (3.5.0)
  - image_picker_ios (0.0.1):
    - Flutter
  - MLImage (1.0.0-beta8)
  - MLKitBarcodeScanning (8.0.0):
    - MLKitCommon (~> 14.0)
    - MLKitVision (~> 10.0)
  - MLKitCommon (14.0.0):
    - GoogleDataTransport (~> 10.0)
    - GoogleToolboxForMac/Logger (< 5.0, >= 4.2.1)
    - "GoogleToolboxForMac/NSData+zlib (< 5.0, >= 4.2.1)"
    - GoogleUtilities/Logger (~> 8.0)
    - GoogleUtilities/UserDefaults (~> 8.0)
    - GTMSessionFetcher/Core (< 4.0, >= 3.3.2)
  - MLKitDigitalInkRecognition (8.0.0):
    - MLKitCommon (~> 14.0)
    - MLKitMDD (~> 10.0)
    - SSZipArchive (< 3.0, >= 2.5.5)
  - MLKitEntityExtraction (1.0.0-beta15):
    - MLKitNaturalLanguage (~> 10.0)
  - MLKitFaceDetection (8.0.0):
    - MLKitCommon (~> 14.0)
    - MLKitVision (~> 10.0)
  - MLKitImageLabeling (8.0.0):
    - MLKitCommon (~> 14.0)
    - MLKitImageLabelingCommon (~> 10.0)
    - MLKitVision (~> 10.0)
    - MLKitVisionKit (~> 11.0)
  - MLKitImageLabelingCommon (10.0.0):
    - MLKitCommon (~> 14.0)
    - MLKitVision (~> 10.0)
  - MLKitImageLabelingCustom (8.0.0):
    - MLKitCommon (~> 14.0)
    - MLKitImageLabelingCommon (~> 10.0)
    - MLKitVision (~> 10.0)
    - MLKitVisionKit (~> 11.0)
  - MLKitLanguageID (9.0.0):
    - MLKitNaturalLanguage (~> 10.0)
  - MLKitMDD (10.0.0):
    - MLKitCommon (~> 14.0)
  - MLKitNaturalLanguage (10.0.0):
    - GoogleToolboxForMac/Logger (< 5.0, >= 4.2.1)
    - "GoogleToolboxForMac/NSData+zlib (< 5.0, >= 4.2.1)"
    - GoogleToolboxForMac/StringEncoding (< 5.0, >= 4.2.1)
    - GTMSessionFetcher/Core (< 4.0, >= 3.3.2)
    - MLKitCommon (~> 14.0)
  - MLKitObjectDetection (8.0.0):
    - MLKitCommon (~> 14.0)
    - MLKitObjectDetectionCommon (~> 10.0)
    - MLKitVision (~> 10.0)
    - MLKitVisionKit (~> 11.0)
  - MLKitObjectDetectionCommon (10.0.0):
    - MLKitCommon (~> 14.0)
    - MLKitVision (~> 10.0)
  - MLKitObjectDetectionCustom (8.0.0):
    - MLKitCommon (~> 14.0)
    - MLKitObjectDetectionCommon (~> 10.0)
    - MLKitVision (~> 10.0)
    - MLKitVisionKit (~> 11.0)
  - MLKitPoseDetection (1.0.0-beta16):
    - MLKitCommon (~> 14.0)
    - MLKitPoseDetectionCommon (= 1.0.0-beta16)
    - MLKitXenoCommon (= 1.0.0-beta16)
  - MLKitPoseDetectionAccurate (1.0.0-beta16):
    - MLKitCommon (~> 14.0)
    - MLKitPoseDetectionCommon (= 1.0.0-beta16)
    - MLKitXenoCommon (= 1.0.0-beta16)
  - MLKitPoseDetectionCommon (1.0.0-beta16):
    - MLKitCommon (~> 14.0)
    - MLKitXenoCommon (= 1.0.0-beta16)
  - MLKitSegmentationCommon (1.0.0-beta14):
    - MLKitCommon (~> 14.0)
    - MLKitXenoCommon (= 1.0.0-beta16)
  - MLKitSegmentationSelfie (1.0.0-beta14):
    - MLKitSegmentationCommon (= 1.0.0-beta14)
  - MLKitSmartReply (8.0.0):
    - MLKitLanguageID (~> 9.0)
    - MLKitNaturalLanguage (~> 10.0)
  - MLKitTextRecognition (7.0.0):
    - MLKitCommon (~> 14.0)
    - MLKitTextRecognitionCommon (= 6.0.0)
    - MLKitVision (~> 10.0)
  - MLKitTextRecognitionChinese (6.0.0):
    - MLKitCommon (~> 14.0)
    - MLKitTextRecognitionCommon (= 6.0.0)
    - MLKitVision (~> 10.0)
  - MLKitTextRecognitionCommon (6.0.0):
    - MLKitCommon (~> 14.0)
    - MLKitVision (~> 10.0)
  - MLKitTextRecognitionDevanagari (6.0.0):
    - MLKitCommon (~> 14.0)
    - MLKitTextRecognitionCommon (= 6.0.0)
    - MLKitVision (~> 10.0)
  - MLKitTextRecognitionJapanese (6.0.0):
    - MLKitCommon (~> 14.0)
    - MLKitTextRecognitionCommon (= 6.0.0)
    - MLKitVision (~> 10.0)
  - MLKitTextRecognitionKorean (6.0.0):
    - MLKitCommon (~> 14.0)
    - MLKitTextRecognitionCommon (= 6.0.0)
    - MLKitVision (~> 10.0)
  - MLKitTranslate (8.0.0):
    - MLKitNaturalLanguage (~> 10.0)
    - SSZipArchive (< 3.0, >= 2.5.5)
  - MLKitVision (10.0.0):
    - GoogleToolboxForMac/Logger (< 5.0, >= 4.2.1)
    - "GoogleToolboxForMac/NSData+zlib (< 5.0, >= 4.2.1)"
    - GTMSessionFetcher/Core (< 4.0, >= 3.3.2)
    - MLImage (= 1.0.0-beta8)
    - MLKitCommon (~> 14.0)
  - MLKitVisionKit (11.0.0):
    - MLKitCommon (~> 14.0)
    - MLKitImageLabelingCommon (~> 10.0)
    - MLKitObjectDetectionCommon (~> 10.0)
    - MLKitVision (~> 10.0)
  - MLKitXenoCommon (1.0.0-beta16):
    - MLKitCommon (~> 14.0)
    - MLKitVision (~> 10.0)
  - nanopb (3.30910.0):
    - nanopb/decode (= 3.30910.0)
    - nanopb/encode (= 3.30910.0)
  - nanopb/decode (3.30910.0)
  - nanopb/encode (3.30910.0)
  - path_provider_foundation (0.0.1):
    - Flutter
    - FlutterMacOS
  - PromisesObjC (2.4.0)
  - SSZipArchive (2.6.0)

DEPENDENCIES:
  - camera_avfoundation (from `.symlinks/plugins/camera_avfoundation/ios`)
  - Flutter (from `Flutter`)
  - flutter_pdfview (from `.symlinks/plugins/flutter_pdfview/ios`)
  - google_mlkit_barcode_scanning (from `.symlinks/plugins/google_mlkit_barcode_scanning/ios`)
  - google_mlkit_commons (from `.symlinks/plugins/google_mlkit_commons/ios`)
  - google_mlkit_digital_ink_recognition (from `.symlinks/plugins/google_mlkit_digital_ink_recognition/ios`)
  - google_mlkit_document_scanner (from `.symlinks/plugins/google_mlkit_document_scanner/ios`)
  - google_mlkit_entity_extraction (from `.symlinks/plugins/google_mlkit_entity_extraction/ios`)
  - google_mlkit_face_detection (from `.symlinks/plugins/google_mlkit_face_detection/ios`)
  - google_mlkit_face_mesh_detection (from `.symlinks/plugins/google_mlkit_face_mesh_detection/ios`)
  - google_mlkit_genai_image_description (from `.symlinks/plugins/google_mlkit_genai_image_description/ios`)
  - google_mlkit_genai_prompt (from `.symlinks/plugins/google_mlkit_genai_prompt/ios`)
  - google_mlkit_genai_proofreading (from `.symlinks/plugins/google_mlkit_genai_proofreading/ios`)
  - google_mlkit_genai_rewriting (from `.symlinks/plugins/google_mlkit_genai_rewriting/ios`)
  - google_mlkit_genai_speech_recognition (from `.symlinks/plugins/google_mlkit_genai_speech_recognition/ios`)
  - google_mlkit_genai_summarization (from `.symlinks/plugins/google_mlkit_genai_summarization/ios`)
  - google_mlkit_image_labeling (from `.symlinks/plugins/google_mlkit_image_labeling/ios`)
  - google_mlkit_language_id (from `.symlinks/plugins/google_mlkit_language_id/ios`)
  - google_mlkit_object_detection (from `.symlinks/plugins/google_mlkit_object_detection/ios`)
  - google_mlkit_pose_detection (from `.symlinks/plugins/google_mlkit_pose_detection/ios`)
  - google_mlkit_selfie_segmentation (from `.symlinks/plugins/google_mlkit_selfie_segmentation/ios`)
  - google_mlkit_smart_reply (from `.symlinks/plugins/google_mlkit_smart_reply/ios`)
  - google_mlkit_subject_segmentation (from `.symlinks/plugins/google_mlkit_subject_segmentation/ios`)
  - google_mlkit_text_recognition (from `.symlinks/plugins/google_mlkit_text_recognition/ios`)
  - google_mlkit_translation (from `.symlinks/plugins/google_mlkit_translation/ios`)
  - GoogleMLKit/TextRecognitionChinese (~> 9.0.0)
  - GoogleMLKit/TextRecognitionDevanagari (~> 9.0.0)
  - GoogleMLKit/TextRecognitionJapanese (~> 9.0.0)
  - GoogleMLKit/TextRecognitionKorean (~> 9.0.0)
  - image_picker_ios (from `.symlinks/plugins/image_picker_ios/ios`)
  - path_provider_foundation (from `.symlinks/plugins/path_provider_foundation/darwin`)

SPEC REPOS:
  trunk:
    - GoogleDataTransport
    - GoogleMLKit
    - GoogleToolboxForMac
    - GoogleUtilities
    - GTMSessionFetcher
    - MLImage
    - MLKitBarcodeScanning
    - MLKitCommon
    - MLKitDigitalInkRecognition
    - MLKitEntityExtraction
    - MLKitFaceDetection
    - MLKitImageLabeling
    - MLKitImageLabelingCommon
    - MLKitImageLabelingCustom
    - MLKitLanguageID
    - MLKitMDD
    - MLKitNaturalLanguage
    - MLKitObjectDetection
    - MLKitObjectDetectionCommon
    - MLKitObjectDetectionCustom
    - MLKitPoseDetection
    - MLKitPoseDetectionAccurate
    - MLKitPoseDetectionCommon
    - MLKitSegmentationCommon
    - MLKitSegmentationSelfie
    - MLKitSmartReply
    - MLKitTextRecognition
    - MLKitTextRecognitionChinese
    - MLKitTextRecognitionCommon
    - MLKitTextRecognitionDevanagari
    - MLKitTextRecognitionJapanese
    - MLKitTextRecognitionKorean
    - MLKitTranslate
    - MLKitVision
    - MLKitVisionKit
    - MLKitXenoCommon
    - nanopb
    - PromisesObjC
    - SSZipArchive

EXTERNAL SOURCES:
  camera_avfoundation:
    :path: ".symlinks/plugins/camera_avfoundation/ios"
  Flutter:
    :path: Flutter
  flutter_pdfview:
    :path: ".symlinks/plugins/flutter_pdfview/ios"
  google_mlkit_barcode_scanning:
    :path: ".symlinks/plugins/google_mlkit_barcode_scanning/ios"
  google_mlkit_commons:
    :path: ".symlinks/plugins/google_mlkit_commons/ios"
  google_mlkit_digital_ink_recognition:
    :path: ".symlinks/plugins/google_mlkit_digital_ink_recognition/ios"
  google_mlkit_document_scanner:
    :path: ".symlinks/plugins/google_mlkit_document_scanner/ios"
  google_mlkit_entity_extraction:
    :path: ".symlinks/plugins/google_mlkit_entity_extraction/ios"
  google_mlkit_face_detection:
    :path: ".symlinks/plugins/google_mlkit_face_detection/ios"
  google_mlkit_face_mesh_detection:
    :path: ".symlinks/plugins/google_mlkit_face_mesh_detection/ios"
  google_mlkit_genai_image_description:
    :path: ".symlinks/plugins/google_mlkit_genai_image_description/ios"
  google_mlkit_genai_prompt:
    :path: ".symlinks/plugins/google_mlkit_genai_prompt/ios"
  google_mlkit_genai_proofreading:
    :path: ".symlinks/plugins/google_mlkit_genai_proofreading/ios"
  google_mlkit_genai_rewriting:
    :path: ".symlinks/plugins/google_mlkit_genai_rewriting/ios"
  google_mlkit_genai_speech_recognition:
    :path: ".symlinks/plugins/google_mlkit_genai_speech_recognition/ios"
  google_mlkit_genai_summarization:
    :path: ".symlinks/plugins/google_mlkit_genai_summarization/ios"
  google_mlkit_image_labeling:
    :path: ".symlinks/plugins/google_mlkit_image_labeling/ios"
  google_mlkit_language_id:
    :path: ".symlinks/plugins/google_mlkit_language_id/ios"
  google_mlkit_object_detection:
    :path: ".symlinks/plugins/google_mlkit_object_detection/ios"
  google_mlkit_pose_detection:
    :path: ".symlinks/plugins/google_mlkit_pose_detection/ios"
  google_mlkit_selfie_segmentation:
    :path: ".symlinks/plugins/google_mlkit_selfie_segmentation/ios"
  google_mlkit_smart_reply:
    :path: ".symlinks/plugins/google_mlkit_smart_reply/ios"
  google_mlkit_subject_segmentation:
    :path: ".symlinks/plugins/google_mlkit_subject_segmentation/ios"
  google_mlkit_text_recognition:
    :path: ".symlinks/plugins/google_mlkit_text_recognition/ios"
  google_mlkit_translation:
    :path: ".symlinks/plugins/google_mlkit_translation/ios"
  image_picker_ios:
    :path: ".symlinks/plugins/image_picker_ios/ios"
  path_provider_foundation:
    :path: ".symlinks/plugins/path_provider_foundation/darwin"

SPEC CHECKSUMS:
  camera_avfoundation: 5675ca25298b6f81fa0a325188e7df62cc217741
  Flutter: cabc95a1d2626b1b06e7179b784ebcf0c0cde467
  flutter_pdfview: 32bf27bda6fd85b9dd2c09628a824df5081246cf
  google_mlkit_barcode_scanning: 37a95c619ade2966885d549d337c7ce25cdcd6e1
  google_mlkit_commons: fdbddbd42f5f4680ce01932017e31d1e0f02b4ef
  google_mlkit_digital_ink_recognition: 4faaf4dc06be7427ca2e5a2b605e8c4e6f8919b5
  google_mlkit_document_scanner: 4286ef97b690c747db9db15337207a631e3efa24
  google_mlkit_entity_extraction: 2500f93887c590c0c68341d9b64523c992346281
  google_mlkit_face_detection: 4cf4f7bda5e0cfdb4e52c11603aa025a81138a47
  google_mlkit_face_mesh_detection: 103cfafc7ee649085abc40b07cedb1c9e165e9cb
  google_mlkit_genai_image_description: 0a468e8016204f093f9f352a92823573f1b49728
  google_mlkit_genai_prompt: d527fb9e9b6885c373075a058c96b00c552f14c0
  google_mlkit_genai_proofreading: d4f6e35918c40f08069b4c2c89ce4f2fb9f1b4d9
  google_mlkit_genai_rewriting: b9821623a69e2cb9e54eedf68200a29dd89b3e92
  google_mlkit_genai_speech_recognition: 1064074540af10fdc14cf6810a004c38f0a46434
  google_mlkit_genai_summarization: 40a3ba7e03ab369f1ce7702e0970d6e7a35baa50
  google_mlkit_image_labeling: 7d5de5ee0fbbc23d95d33f9880e2c761beca6f23
  google_mlkit_language_id: 892ac40627c56faece8753d0ca5f1402854bf030
  google_mlkit_object_detection: 960463a8dff3a818a41d704632f9017a3d80a5a6
  google_mlkit_pose_detection: c378a1e88fc7ed97b64219f72edc2880ac40ca23
  google_mlkit_selfie_segmentation: 38f73022f0e63f253a050298f6d89c2978548991
  google_mlkit_smart_reply: ddac7d36acf06981e4e1fb009cfd8e10197af3cc
  google_mlkit_subject_segmentation: b6d3bfeee5deb973d2832a68022c28cb8c36668f
  google_mlkit_text_recognition: 00511b4b7987ad04770382e343ad73d40250a049
  google_mlkit_translation: f163102828e75ce10a4d5b31852599755a516809
  GoogleDataTransport: aae35b7ea0c09004c3797d53c8c41f66f219d6a7
  GoogleMLKit: b1eee21a41c57704fe72483b15c85cb2c0cd7444
  GoogleToolboxForMac: d1a2cbf009c453f4d6ded37c105e2f67a32206d8
  GoogleUtilities: 00c88b9a86066ef77f0da2fab05f65d7768ed8e1
  GTMSessionFetcher: 5aea5ba6bd522a239e236100971f10cb71b96ab6
  image_picker_ios: e0ece4aa2a75771a7de3fa735d26d90817041326
  MLImage: 0de5c6c2bf9e93b80ef752e2797f0836f03b58c0
  MLKitBarcodeScanning: 39de223e7b1b8a8fbf10816a536dd292d8a39343
  MLKitCommon: 47d47b50a031d00db62f1b0efe5a1d8b09a3b2e6
  MLKitDigitalInkRecognition: d352ba532b816e7a930b8fa2e180288352c4736c
  MLKitEntityExtraction: 9f529552862823d493d999fe7920fb195cfba8e3
  MLKitFaceDetection: 32549f1e70e6e7731261bf9cea2b74095e2531cb
  MLKitImageLabeling: 739591b1b69ebab735e97fa1b4ce37cea8361bb7
  MLKitImageLabelingCommon: 616b0c69b3e302720cfb65903da50dc2e697b915
  MLKitImageLabelingCustom: 43cf5d49fb762adb93e3108cb55c81a8ec005d57
  MLKitLanguageID: 7b7d115881e0e036627052e32d7771b9d7f67ee6
  MLKitMDD: 264ea38cb1eafc18ee1f37eb69e7f2596962df6c
  MLKitNaturalLanguage: 498154f2461f97abb00eb161eb773670ffc46250
  MLKitObjectDetection: c6346f1e6fd945d9a1a993104184e886bda6e0f6
  MLKitObjectDetectionCommon: 0639341c7cbb44327dac9a23c473d2484d3169dd
  MLKitObjectDetectionCustom: a210309c7d2a0c08b0ce7b9ef3e8d36027c96978
  MLKitPoseDetection: 037fc62d6ccdd5a63253d1f40f90a8120b0d9c61
  MLKitPoseDetectionAccurate: 4b25c5447244db7e1d97963c4d6e4ebe612c2d88
  MLKitPoseDetectionCommon: 4709eb53b8638f5bf87c1a0255ad8aa4db9ad460
  MLKitSegmentationCommon: f634fb3c20c1d8bace22a2c026bdaa0ca17613d9
  MLKitSegmentationSelfie: 62371f35c33d49c3e7474443677b6a0c7ac9c98b
  MLKitSmartReply: 52977167d7d824207a784fa42ace19d6c6e698e8
  MLKitTextRecognition: c0ad24510481dfc8893ad15dfcb8a5f05ed9e826
  MLKitTextRecognitionChinese: b69210723ed8cc9bc7b2e7847001880b0dcbb7f8
  MLKitTextRecognitionCommon: 234ceb1cfdfb5fceb4fd664943046609a2961cc2
  MLKitTextRecognitionDevanagari: 326281ad520172466dd6dd6a784fa03fb8ab9e37
  MLKitTextRecognitionJapanese: 965f89fd8ad3a02eb466106522ed08ea19f30f61
  MLKitTextRecognitionKorean: 22c8d6a73f519fa9732873993a30b067f8deccb1
  MLKitTranslate: fcb283a2cbaaa595e1cf1d3fedffcea2e97a1168
  MLKitVision: 39a5a812db83c4a0794445088e567f3631c11961
  MLKitVisionKit: 316cd349468797ef4e7fd785bf658ca838984de3
  MLKitXenoCommon: 1a4268c1222a6043047af5bb9435028206c63287
  nanopb: fad817b59e0457d11a5dfbde799381cd727c1275
  path_provider_foundation: bb55f6dbba17d0dccd6737fe6f7f34fbd0376880
  PromisesObjC: f5707f49cb48b9636751c5b2e7d227e43fba9f47
  SSZipArchive: 8a6ee5677c8e304bebc109e39cf0da91ccef22ea

PODFILE CHECKSUM: df61d3916884bb4fa8c7ec2fdffdf0dd0d3cec36

COCOAPODS: 1.16.2
